
Microsoft Visual Studio Solution File, Format Version 12.00
# Visual Studio Version 16
VisualStudioVersion = 16.0.29509.3
MinimumVisualStudioVersion = 10.0.40219.1
Project("{FAE04EC0-301F-11D3-BF4B-00C04F79EFBC}") = "SchoolForm", "SchoolForm\SchoolForm.csproj", "{4FAF5B8E-AD9A-400D-93F8-2C1DAA2FEF18}"
EndProject
Global
	GlobalSection(SolutionConfigurationPlatforms) = preSolution
		Debug|Any CPU = Debug|Any CPU
		Release|Any CPU = Release|Any CPU
	EndGlobalSection
	GlobalSection(ProjectConfigurationPlatforms) = postSolution
		{4FAF5B8E-AD9A-400D-93F8-2C1DAA2FEF18}.Debug|Any CPU.ActiveCfg = Debug|Any CPU
		{4FAF5B8E-AD9A-400D-93F8-2C1DAA2FEF18}.Debug|Any CPU.Build.0 = Debug|Any CPU
		{4FAF5B8E-AD9A-400D-93F8-2C1DAA2FEF18}.Release|Any CPU.ActiveCfg = Release|Any CPU
		{4FAF5B8E-AD9A-400D-93F8-2C1DAA2FEF18}.Release|Any CPU.Build.0 = Release|Any CPU
	EndGlobalSection
	GlobalSection(SolutionProperties) = preSolution
		HideSolutionNode = FALSE
	EndGlobalSection
	GlobalSection(ExtensibilityGlobals) = postSolution
		SolutionGuid = {C22CD2C0-8B00-48EC-BA4E-C344A118FA0E}
	EndGlobalSection
EndGlobal
